
Microsoft Visual Studio Solution File, Format Version 9.00
# Visual Studio 2005
Project("{8BC9CEB8-8B4A-11D0-8D11-00A0C91BC942}") = "Shiny", "Shiny.vcproj", "{828CF0A0-5CC8-4ACA-B496-B03F3A34DFC0}"
EndProject
Project("{8BC9CEB8-8B4A-11D0-8D11-00A0C91BC942}") = "Win32View", "Win32View\Win32View.vcproj", "{77290959-2149-4F43-85F9-12A609A10A42}"
	ProjectSection(ProjectDependencies) = postProject
		{828CF0A0-5CC8-4ACA-B496-B03F3A34DFC0} = {828CF0A0-5CC8-4ACA-B496-B03F3A34DFC0}
	EndProjectSection
EndProject
Global
	GlobalSection(SolutionConfigurationPlatforms) = preSolution
		Debug|Win32 = Debug|Win32
		Release|Win32 = Release|Win32
	EndGlobalSection
	GlobalSection(ProjectConfigurationPlatforms) = postSolution
		{828CF0A0-5CC8-4ACA-B496-B03F3A34DFC0}.Debug|Win32.ActiveCfg = Debug|Win32
		{828CF0A0-5CC8-4ACA-B496-B03F3A34DFC0}.Debug|Win32.Build.0 = Debug|Win32
		{828CF0A0-5CC8-4ACA-B496-B03F3A34DFC0}.Release|Win32.ActiveCfg = Release|Win32
		{828CF0A0-5CC8-4ACA-B496-B03F3A34DFC0}.Release|Win32.Build.0 = Release|Win32
		{77290959-2149-4F43-85F9-12A609A10A42}.Debug|Win32.ActiveCfg = Debug|Win32
		{77290959-2149-4F43-85F9-12A609A10A42}.Debug|Win32.Build.0 = Debug|Win32
		{77290959-2149-4F43-85F9-12A609A10A42}.Release|Win32.ActiveCfg = Release|Win32
		{77290959-2149-4F43-85F9-12A609A10A42}.Release|Win32.Build.0 = Release|Win32
	EndGlobalSection
	GlobalSection(SolutionProperties) = preSolution
		HideSolutionNode = FALSE
	EndGlobalSection
EndGlobal
